{
  "name": "voice-coach",
  "lockfileVersion": 3,
  "requires": true,
  "packages": {
    "": {
      "dependencies": {
        "@amplitude/analytics-browser": "^2.17.9",
        "@supabase/supabase-js": "^2.50.0"
      }
    },
    "node_modules/@amplitude/analytics-browser": {
      "version": "2.17.9",
      "resolved": "https://registry.npmjs.org/@amplitude/analytics-browser/-/analytics-browser-2.17.9.tgz",
      "integrity": "sha512-jDYIOaJZsYmn+sq/5Mn4Ylrc7jnrBNOrer2OvSACTpNUrMgUT1aj0HLkAGMT1qA2ICwOcROWNJHXnuJE6hdJkQ==",
      "dependencies": {
        "@amplitude/analytics-core": "^2.12.3",
        "@amplitude/analytics-remote-config": "^0.4.0",
        "@amplitude/plugin-autocapture-browser": "^1.2.9",
        "@amplitude/plugin-network-capture-browser": "^1.1.9",
        "@amplitude/plugin-page-view-tracking-browser": "^2.3.30",
        "tslib": "^2.4.1"
      }
    },
    "node_modules/@amplitude/analytics-client-common": {
      "version": "2.3.24",
      "resolved": "https://registry.npmjs.org/@amplitude/analytics-client-common/-/analytics-client-common-2.3.24.tgz",
      "integrity": "sha512-y3G2WheJhOgCzRKx1dXLjjDdh7y1MmQRizv1YmWpzF2Kssh0xvoFD+yDOLJj/y6nq1xlOkn0vWtWCERPSO61RA==",
      "dependencies": {
        "@amplitude/analytics-connector": "^1.4.8",
        "@amplitude/analytics-core": "^2.12.3",
        "@amplitude/analytics-types": "^2.9.2",
        "tslib": "^2.4.1"
      }
    },
    "node_modules/@amplitude/analytics-connector": {
      "version": "1.6.4",
      "resolved": "https://registry.npmjs.org/@amplitude/analytics-connector/-/analytics-connector-1.6.4.tgz",
      "integrity": "sha512-SpIv0IQMNIq6SH3UqFGiaZyGSc7PBZwRdq7lvP0pBxW8i4Ny+8zwI0pV+VMfMHQwWY3wdIbWw5WQphNjpdq1/Q=="
    },
    "node_modules/@amplitude/analytics-core": {
      "version": "2.12.3",
      "resolved": "https://registry.npmjs.org/@amplitude/analytics-core/-/analytics-core-2.12.3.tgz",
      "integrity": "sha512-1ijYyfI0YYUo843UaK38W72RAUoMUnRWG46wWmjkZZ0vNSrib/+5suKQCPH9fbAcru5vWCdkkNzgOvqvmbrf2Q==",
      "dependencies": {
        "@amplitude/analytics-connector": "^1.6.4",
        "tslib": "^2.4.1"
      }
    },
    "node_modules/@amplitude/analytics-remote-config": {
      "version": "0.4.1",
      "resolved": "https://registry.npmjs.org/@amplitude/analytics-remote-config/-/analytics-remote-config-0.4.1.tgz",
      "integrity": "sha512-BYl6kQ9qjztrCACsugpxO+foLaQIC0aSEzoXEAb/gwOzInmqkyyI+Ub+aWTBih4xgB/lhWlOcidWHAmNiTJTNw==",
      "dependencies": {
        "@amplitude/analytics-client-common": ">=1 <3",
        "@amplitude/analytics-core": ">=1 <3",
        "@amplitude/analytics-types": ">=1 <3",
        "tslib": "^2.4.1"
      }
    },
    "node_modules/@amplitude/analytics-types": {
      "version": "2.9.2",
      "resolved": "https://registry.npmjs.org/@amplitude/analytics-types/-/analytics-types-2.9.2.tgz",
      "integrity": "sha512-juhTz396dDP/jLJYP9zDOEAZBtJM0JVvP8G10p1OxUDBVwVIprpQL598F9GRQwVFyqV4CEhDmNyAY0HqqU5bhA=="
    },
    "node_modules/@amplitude/plugin-autocapture-browser": {
      "version": "1.2.9",
      "resolved": "https://registry.npmjs.org/@amplitude/plugin-autocapture-browser/-/plugin-autocapture-browser-1.2.9.tgz",
      "integrity": "sha512-v3cmXhw9SDuEpA+qponNEENM871S7tYRbvM8LbK6oXsvkmvu5sTOS++sREdrrn12N6hUbPNnfPDZPWAZbXwlxQ==",
      "dependencies": {
        "@amplitude/analytics-core": "^2.12.3",
        "rxjs": "^7.8.1",
        "tslib": "^2.4.1"
      }
    },
    "node_modules/@amplitude/plugin-network-capture-browser": {
      "version": "1.1.9",
      "resolved": "https://registry.npmjs.org/@amplitude/plugin-network-capture-browser/-/plugin-network-capture-browser-1.1.9.tgz",
      "integrity": "sha512-9za89Dfoti/2zbPXDff/SdDs8X2uTFm4ZXSQVaPZ/eJjDwyAXDJU8+rE0BvLLQcTe/bgmyXJ9+2J4/09jl2LxQ==",
      "dependencies": {
        "@amplitude/analytics-core": "^2.12.3",
        "rxjs": "^7.8.1",
        "tslib": "^2.4.1"
      }
    },
    "node_modules/@amplitude/plugin-page-view-tracking-browser": {
      "version": "2.3.30",
      "resolved": "https://registry.npmjs.org/@amplitude/plugin-page-view-tracking-browser/-/plugin-page-view-tracking-browser-2.3.30.tgz",
      "integrity": "sha512-4BM/eH2LX6Eh5rxfm0I2jsrQfkgJP97IPpVzaoM5EzBz3zCAVbPALsmR7qRLd472uueDBhbHGdwXUwP6ViBHxA==",
      "dependencies": {
        "@amplitude/analytics-client-common": "^2.3.24",
        "@amplitude/analytics-types": "^2.9.2",
        "tslib": "^2.4.1"
      }
    },
    "node_modules/@supabase/auth-js": {
      "version": "2.70.0",
      "resolved": "https://registry.npmjs.org/@supabase/auth-js/-/auth-js-2.70.0.tgz",
      "integrity": "sha512-BaAK/tOAZFJtzF1sE3gJ2FwTjLf4ky3PSvcvLGEgEmO4BSBkwWKu8l67rLLIBZPDnCyV7Owk2uPyKHa0kj5QGg==",
      "dependencies": {
        "@supabase/node-fetch": "^2.6.14"
      }
    },
    "node_modules/@supabase/functions-js": {
      "version": "2.4.4",
      "resolved": "https://registry.npmjs.org/@supabase/functions-js/-/functions-js-2.4.4.tgz",
      "integrity": "sha512-WL2p6r4AXNGwop7iwvul2BvOtuJ1YQy8EbOd0dhG1oN1q8el/BIRSFCFnWAMM/vJJlHWLi4ad22sKbKr9mvjoA==",
      "dependencies": {
        "@supabase/node-fetch": "^2.6.14"
      }
    },
    "node_modules/@supabase/node-fetch": {
      "version": "2.6.15",
      "resolved": "https://registry.npmjs.org/@supabase/node-fetch/-/node-fetch-2.6.15.tgz",
      "integrity": "sha512-1ibVeYUacxWYi9i0cf5efil6adJ9WRyZBLivgjs+AUpewx1F3xPi7gLgaASI2SmIQxPoCEjAsLAzKPgMJVgOUQ==",
      "dependencies": {
        "whatwg-url": "^5.0.0"
      },
      "engines": {
        "node": "4.x || >=6.0.0"
      }
    },
    "node_modules/@supabase/postgrest-js": {
      "version": "1.19.4",
      "resolved": "https://registry.npmjs.org/@supabase/postgrest-js/-/postgrest-js-1.19.4.tgz",
      "integrity": "sha512-O4soKqKtZIW3olqmbXXbKugUtByD2jPa8kL2m2c1oozAO11uCcGrRhkZL0kVxjBLrXHE0mdSkFsMj7jDSfyNpw==",
      "dependencies": {
        "@supabase/node-fetch": "^2.6.14"
      }
    },
    "node_modules/@supabase/realtime-js": {
      "version": "2.11.10",
      "resolved": "https://registry.npmjs.org/@supabase/realtime-js/-/realtime-js-2.11.10.tgz",
      "integrity": "sha512-SJKVa7EejnuyfImrbzx+HaD9i6T784khuw1zP+MBD7BmJYChegGxYigPzkKX8CK8nGuDntmeSD3fvriaH0EGZA==",
      "dependencies": {
        "@supabase/node-fetch": "^2.6.13",
        "@types/phoenix": "^1.6.6",
        "@types/ws": "^8.18.1",
        "ws": "^8.18.2"
      }
    },
    "node_modules/@supabase/storage-js": {
      "version": "2.7.1",
      "resolved": "https://registry.npmjs.org/@supabase/storage-js/-/storage-js-2.7.1.tgz",
      "integrity": "sha512-asYHcyDR1fKqrMpytAS1zjyEfvxuOIp1CIXX7ji4lHHcJKqyk+sLl/Vxgm4sN6u8zvuUtae9e4kDxQP2qrwWBA==",
      "dependencies": {
        "@supabase/node-fetch": "^2.6.14"
      }
    },
    "node_modules/@supabase/supabase-js": {
      "version": "2.50.0",
      "resolved": "https://registry.npmjs.org/@supabase/supabase-js/-/supabase-js-2.50.0.tgz",
      "integrity": "sha512-M1Gd5tPaaghYZ9OjeO1iORRqbTWFEz/cF3pPubRnMPzA+A8SiUsXXWDP+DWsASZcjEcVEcVQIAF38i5wrijYOg==",
      "dependencies": {
        "@supabase/auth-js": "2.70.0",
        "@supabase/functions-js": "2.4.4",
        "@supabase/node-fetch": "2.6.15",
        "@supabase/postgrest-js": "1.19.4",
        "@supabase/realtime-js": "2.11.10",
        "@supabase/storage-js": "2.7.1"
      }
    },
    "node_modules/@types/node": {
      "version": "22.15.30",
      "resolved": "https://registry.npmjs.org/@types/node/-/node-22.15.30.tgz",
      "integrity": "sha512-6Q7lr06bEHdlfplU6YRbgG1SFBdlsfNC4/lX+SkhiTs0cpJkOElmWls8PxDFv4yY/xKb8Y6SO0OmSX4wgqTZbA==",
      "dependencies": {
        "undici-types": "~6.21.0"
      }
    },
    "node_modules/@types/phoenix": {
      "version": "1.6.6",
      "resolved": "https://registry.npmjs.org/@types/phoenix/-/phoenix-1.6.6.tgz",
      "integrity": "sha512-PIzZZlEppgrpoT2QgbnDU+MMzuR6BbCjllj0bM70lWoejMeNJAxCchxnv7J3XFkI8MpygtRpzXrIlmWUBclP5A=="
    },
    "node_modules/@types/ws": {
      "version": "8.18.1",
      "resolved": "https://registry.npmjs.org/@types/ws/-/ws-8.18.1.tgz",
      "integrity": "sha512-ThVF6DCVhA8kUGy+aazFQ4kXQ7E1Ty7A3ypFOe0IcJV8O/M511G99AW24irKrW56Wt44yG9+ij8FaqoBGkuBXg==",
      "dependencies": {
        "@types/node": "*"
      }
    },
    "node_modules/rxjs": {
      "version": "7.8.2",
      "resolved": "https://registry.npmjs.org/rxjs/-/rxjs-7.8.2.tgz",
      "integrity": "sha512-dhKf903U/PQZY6boNNtAGdWbG85WAbjT/1xYoZIC7FAY0yWapOBQVsVrDl58W86//e1VpMNBtRV4MaXfdMySFA==",
      "dependencies": {
        "tslib": "^2.1.0"
      }
    },
    "node_modules/tr46": {
      "version": "0.0.3",
      "resolved": "https://registry.npmjs.org/tr46/-/tr46-0.0.3.tgz",
      "integrity": "sha512-N3WMsuqV66lT30CrXNbEjx4GEwlow3v6rr4mCcv6prnfwhS01rkgyFdjPNBYd9br7LpXV1+Emh01fHnq2Gdgrw=="
    },
    "node_modules/tslib": {
      "version": "2.8.1",
      "resolved": "https://registry.npmjs.org/tslib/-/tslib-2.8.1.tgz",
      "integrity": "sha512-oJFu94HQb+KVduSUQL7wnpmqnfmLsOA/nAh6b6EH0wCEoK0/mPeXU6c3wKDV83MkOuHPRHtSXKKU99IBazS/2w=="
    },
    "node_modules/undici-types": {
      "version": "6.21.0",
      "resolved": "https://registry.npmjs.org/undici-types/-/undici-types-6.21.0.tgz",
      "integrity": "sha512-iwDZqg0QAGrg9Rav5H4n0M64c3mkR59cJ6wQp+7C4nI0gsmExaedaYLNO44eT4AtBBwjbTiGPMlt2Md0T9H9JQ=="
    },
    "node_modules/webidl-conversions": {
      "version": "3.0.1",
      "resolved": "https://registry.npmjs.org/webidl-conversions/-/webidl-conversions-3.0.1.tgz",
      "integrity": "sha512-2JAn3z8AR6rjK8Sm8orRC0h/bcl/DqL7tRPdGZ4I1CjdF+EaMLmYxBHyXuKL849eucPFhvBoxMsflfOb8kxaeQ=="
    },
    "node_modules/whatwg-url": {
      "version": "5.0.0",
      "resolved": "https://registry.npmjs.org/whatwg-url/-/whatwg-url-5.0.0.tgz",
      "integrity": "sha512-saE57nupxk6v3HY35+jzBwYa0rKSy0XR8JSxZPwgLr7ys0IBzhGviA1/TUGJLmSVqs8pb9AnvICXEuOHLprYTw==",
      "dependencies": {
        "tr46": "~0.0.3",
        "webidl-conversions": "^3.0.0"
      }
    },
    "node_modules/ws": {
      "version": "8.18.2",
      "resolved": "https://registry.npmjs.org/ws/-/ws-8.18.2.tgz",
      "integrity": "sha512-DMricUmwGZUVr++AEAe2uiVM7UoO9MAVZMDu05UQOaUII0lp+zOzLLU4Xqh/JvTqklB1T4uELaaPBKyjE1r4fQ==",
      "engines": {
        "node": ">=10.0.0"
      },
      "peerDependencies": {
        "bufferutil": "^4.0.1",
        "utf-8-validate": ">=5.0.2"
      },
      "peerDependenciesMeta": {
        "bufferutil": {
          "optional": true
        },
        "utf-8-validate": {
          "optional": true
        }
      }
    }
  }
}
